{
  "name": "module_b",
  "version": "1.0.0",
  "lockfileVersion": 1,
  "requires": true,
  "dependencies": {
    "module_a": {
      "version": "1.0.0",
      "resolved": "http://172.31.4.51:8081/repository/npm-hosted/module_a/-/module_a-1.0.0.tgz",
      "integrity": "sha512-dMKzAQOWXG3Afigw1CiXhRNjKlYmnvbyG9wPV/3xBuDxCCMRVv8QqlZitOuProSh0ojd9LEpfAR5qOZ7DED4KA=="
    },
    "module_d": {
      "version": "1.0.0",
      "resolved": "http://172.31.4.51:8081/repository/npm-hosted/module_d/-/module_d-1.0.0.tgz",
      "integrity": "sha512-Onx2SeDUOAC8+sATpwkR6xdEM8N7j4aQpeFDAIpCdxRaQoIZb5xAvIfe2yMDGYdQ5O/HxgQYKlxHdDt0youDWQ==",
      "requires": {
        "module_a": "^1.0.0"
      }
    },
    "module_e": {
      "version": "1.0.0",
      "resolved": "http://172.31.4.51:8081/repository/npm-hosted/module_e/-/module_e-1.0.0.tgz",
      "integrity": "sha512-WNuM3wk/rAkl28jwkDz2bHl3GyTQlzW3TS033k5KAF+0s4DfYC6mYrnpY6sCy/Dvb/F7X4CLbDMtL74OFuhH9A==",
      "requires": {
        "module_d": "^1.0.0"
      }
    }
  }
}
