{
  "name": "module_b",
  "version": "1.0.0",
  "lockfileVersion": 1,
  "requires": true,
  "dependencies": {
    "module_a": {
      "version": "2.0.0",
      "resolved": "http://172.31.4.51:8081/repository/npm-hosted/module_a/-/module_a-2.0.0.tgz",
      "integrity": "sha512-9fRtnjs3Sg33VcnHPHK7WhrRiRw5DfX9A8lCvNU3pMXSAxZnvTNkraENyXuOgyVz2aL0I3CoLR4ryTKwEJ30FQ=="
    },
    "module_b": {
      "version": "1.0.0",
      "resolved": "http://172.31.4.51:8081/repository/npm-hosted/module_b/-/module_b-1.0.0.tgz",
      "integrity": "sha512-6OLwoXH7604MtRaiKNylsiqTWaazp4vUc7p/cuGKLz2nXfEPWeueMTFh7gGPLjUaYSe984ABSte1I2M0hAsBhw==",
      "requires": {
        "module_a": "^1.0.0",
        "module_c": "^1.0.0"
      },
      "dependencies": {
        "module_a": {
          "version": "1.0.0",
          "resolved": "http://172.31.4.51:8081/repository/npm-hosted/module_a/-/module_a-1.0.0.tgz",
          "integrity": "sha512-dMKzAQOWXG3Afigw1CiXhRNjKlYmnvbyG9wPV/3xBuDxCCMRVv8QqlZitOuProSh0ojd9LEpfAR5qOZ7DED4KA=="
        }
      }
    },
    "module_c": {
      "version": "1.0.0",
      "resolved": "http://172.31.4.51:8081/repository/npm-hosted/module_c/-/module_c-1.0.0.tgz",
      "integrity": "sha512-pY9nSbBuKYjamJvEyfbzZoWXCPbb1AyGoHVy8GO8pWGsQrYKZSzQSl2W6SYlS7nkpPFCZqQryPqUSSQGOipA+Q==",
      "requires": {
        "module_f": "^1.0.0"
      }
    },
    "module_f": {
      "version": "1.0.0",
      "resolved": "http://172.31.4.51:8081/repository/npm-hosted/module_f/-/module_f-1.0.0.tgz",
      "integrity": "sha512-V2SGhb3ZH+yjY7DgRac/srqBo3zmzZp3Pop00UoTPhkXF4RcmM4h1k/TA5XhVxOR3epPVorrd6M0j5qbNFDjcw==",
      "requires": {
        "module_b": "^1.0.0"
      }
    }
  }
}
