{
  "name": "module_b",
  "version": "1.0.0",
  "lockfileVersion": 1,
  "requires": true,
  "dependencies": {
    "module_a": {
      "version": "1.0.0",
      "resolved": "http://172.31.4.51:8081/repository/npm-hosted/module_a/-/module_a-1.0.0.tgz",
      "integrity": "sha512-o9jY+VPNczY4VKfu50LDz8g35feJnDBGB+wWy32zOt8znGM52lPXidz/2U06cIARoldEwIcIETrszIW2i/Xkaw==",
      "requires": {
        "module_b": "^1.0.0"
      }
    },
    "module_b": {
      "version": "1.0.0",
      "resolved": "http://172.31.4.51:8081/repository/npm-hosted/module_b/-/module_b-1.0.0.tgz",
      "integrity": "sha512-KVJhK7J26MiTisqsSarT1OihyjGKAyH01dTEwHuORqU3SpnRXd1Sblg30QSGQ2aN+FhKHTn5IYGlOLlqrXH4AQ=="
    }
  }
}
